
Microsoft Visual Studio Solution File, Format Version 12.00
# Visual Studio Version 17
VisualStudioVersion = 17.7.34031.279
MinimumVisualStudioVersion = 10.0.40219.1
Project("{FAE04EC0-301F-11D3-BF4B-00C04F79EFBC}") = "hw_11_task_01", "hw_11_task_01\hw_11_task_01.csproj", "{8D5565CE-E912-4756-B20D-0B3DC7D955FE}"
EndProject
Global
	GlobalSection(SolutionConfigurationPlatforms) = preSolution
		Debug|Any CPU = Debug|Any CPU
		Release|Any CPU = Release|Any CPU
	EndGlobalSection
	GlobalSection(ProjectConfigurationPlatforms) = postSolution
		{8D5565CE-E912-4756-B20D-0B3DC7D955FE}.Debug|Any CPU.ActiveCfg = Debug|Any CPU
		{8D5565CE-E912-4756-B20D-0B3DC7D955FE}.Debug|Any CPU.Build.0 = Debug|Any CPU
		{8D5565CE-E912-4756-B20D-0B3DC7D955FE}.Release|Any CPU.ActiveCfg = Release|Any CPU
		{8D5565CE-E912-4756-B20D-0B3DC7D955FE}.Release|Any CPU.Build.0 = Release|Any CPU
	EndGlobalSection
	GlobalSection(SolutionProperties) = preSolution
		HideSolutionNode = FALSE
	EndGlobalSection
	GlobalSection(ExtensibilityGlobals) = postSolution
		SolutionGuid = {A14908C9-FDEE-44AD-B75F-EB251A4F6FB2}
	EndGlobalSection
EndGlobal
